Microsoft Visual Studio Solution File, Format Version 11.00
# Visual Studio 2008

Project("{D3E571D6-52CE-10F3-E2A4-600D625AE455}") = "FunTuma", "Assembly-CSharp.csproj", "{193BF4FB-67C5-AAD0-5741-97DD4C893D34}"
EndProject
Global
	GlobalSection(SolutionConfigurationPlatforms) = preSolution
		Debug|Any CPU = Debug|Any CPU
		Release|Any CPU = Release|Any CPU
	EndGlobalSection
	GlobalSection(ProjectConfigurationPlatforms) = postSolution
		{193BF4FB-67C5-AAD0-5741-97DD4C893D34}.Debug|Any CPU.ActiveCfg = Debug|Any CPU
		{193BF4FB-67C5-AAD0-5741-97DD4C893D34}.Debug|Any CPU.Build.0 = Debug|Any CPU
		{193BF4FB-67C5-AAD0-5741-97DD4C893D34}.Release|Any CPU.ActiveCfg = Release|Any CPU
		{193BF4FB-67C5-AAD0-5741-97DD4C893D34}.Release|Any CPU.Build.0 = Release|Any CPU
	EndGlobalSection
	GlobalSection(SolutionProperties) = preSolution
		HideSolutionNode = FALSE
	EndGlobalSection
	GlobalSection(MonoDevelopProperties) = preSolution
		StartupItem = Assembly-CSharp.csproj
	EndGlobalSection
EndGlobal
